
Microsoft Visual Studio Solution File, Format Version 12.00
# Visual Studio 15
VisualStudioVersion = 15.0.28307.572
MinimumVisualStudioVersion = 10.0.40219.1
Project("{FAE04EC0-301F-11D3-BF4B-00C04F79EFBC}") = "Gateway", "Gateway\Gateway.csproj", "{5002D923-DC46-46CA-B665-83D82389E55C}"
EndProject
Project("{FAE04EC0-301F-11D3-BF4B-00C04F79EFBC}") = "AuthanticationApi", "AuthanticationApi\AuthanticationApi.csproj", "{89A0B127-1FD9-4A58-9E2A-4701C6FBE0D8}"
EndProject
Project("{FAE04EC0-301F-11D3-BF4B-00C04F79EFBC}") = "ImageApi", "ImageApi\ImageApi.csproj", "{AA72E0F5-6576-4932-831C-180D02B9F9AF}"
EndProject
Project("{FAE04EC0-301F-11D3-BF4B-00C04F79EFBC}") = "PropertReadApi", "PropertReadApi\PropertReadApi.csproj", "{4F698B6F-2458-444A-AF40-65DE71FF7F84}"
EndProject
Project("{FAE04EC0-301F-11D3-BF4B-00C04F79EFBC}") = "PropertyUpdateApi", "PropertyUpdateApi\PropertyUpdateApi.csproj", "{AC347F66-1181-4AF3-9FE2-C65552925AB6}"
EndProject
Global
	GlobalSection(SolutionConfigurationPlatforms) = preSolution
		Debug|Any CPU = Debug|Any CPU
		Release|Any CPU = Release|Any CPU
	EndGlobalSection
	GlobalSection(ProjectConfigurationPlatforms) = postSolution
		{5002D923-DC46-46CA-B665-83D82389E55C}.Debug|Any CPU.ActiveCfg = Debug|Any CPU
		{5002D923-DC46-46CA-B665-83D82389E55C}.Debug|Any CPU.Build.0 = Debug|Any CPU
		{5002D923-DC46-46CA-B665-83D82389E55C}.Release|Any CPU.ActiveCfg = Release|Any CPU
		{5002D923-DC46-46CA-B665-83D82389E55C}.Release|Any CPU.Build.0 = Release|Any CPU
		{89A0B127-1FD9-4A58-9E2A-4701C6FBE0D8}.Debug|Any CPU.ActiveCfg = Debug|Any CPU
		{89A0B127-1FD9-4A58-9E2A-4701C6FBE0D8}.Debug|Any CPU.Build.0 = Debug|Any CPU
		{89A0B127-1FD9-4A58-9E2A-4701C6FBE0D8}.Release|Any CPU.ActiveCfg = Release|Any CPU
		{89A0B127-1FD9-4A58-9E2A-4701C6FBE0D8}.Release|Any CPU.Build.0 = Release|Any CPU
		{AA72E0F5-6576-4932-831C-180D02B9F9AF}.Debug|Any CPU.ActiveCfg = Debug|Any CPU
		{AA72E0F5-6576-4932-831C-180D02B9F9AF}.Debug|Any CPU.Build.0 = Debug|Any CPU
		{AA72E0F5-6576-4932-831C-180D02B9F9AF}.Release|Any CPU.ActiveCfg = Release|Any CPU
		{AA72E0F5-6576-4932-831C-180D02B9F9AF}.Release|Any CPU.Build.0 = Release|Any CPU
		{4F698B6F-2458-444A-AF40-65DE71FF7F84}.Debug|Any CPU.ActiveCfg = Debug|Any CPU
		{4F698B6F-2458-444A-AF40-65DE71FF7F84}.Debug|Any CPU.Build.0 = Debug|Any CPU
		{4F698B6F-2458-444A-AF40-65DE71FF7F84}.Release|Any CPU.ActiveCfg = Release|Any CPU
		{4F698B6F-2458-444A-AF40-65DE71FF7F84}.Release|Any CPU.Build.0 = Release|Any CPU
		{AC347F66-1181-4AF3-9FE2-C65552925AB6}.Debug|Any CPU.ActiveCfg = Debug|Any CPU
		{AC347F66-1181-4AF3-9FE2-C65552925AB6}.Debug|Any CPU.Build.0 = Debug|Any CPU
		{AC347F66-1181-4AF3-9FE2-C65552925AB6}.Release|Any CPU.ActiveCfg = Release|Any CPU
		{AC347F66-1181-4AF3-9FE2-C65552925AB6}.Release|Any CPU.Build.0 = Release|Any CPU
	EndGlobalSection
	GlobalSection(SolutionProperties) = preSolution
		HideSolutionNode = FALSE
	EndGlobalSection
	GlobalSection(ExtensibilityGlobals) = postSolution
		SolutionGuid = {847BA90E-D234-4C1A-B58A-B5AAA0A32051}
	EndGlobalSection
EndGlobal
